
Microsoft Visual Studio Solution File, Format Version 12.00
# Visual Studio Version 17
VisualStudioVersion = 17.5.33530.505
MinimumVisualStudioVersion = 10.0.40219.1
Project("{FAE04EC0-301F-11D3-BF4B-00C04F79EFBC}") = "AdventOfCode2022", "AdventOfCode2022\AdventOfCode2022.csproj", "{3C46A9C8-3758-4915-8F9C-B055B57C211E}"
EndProject
Global
	GlobalSection(SolutionConfigurationPlatforms) = preSolution
		Debug|Any CPU = Debug|Any CPU
		Release|Any CPU = Release|Any CPU
	EndGlobalSection
	GlobalSection(ProjectConfigurationPlatforms) = postSolution
		{3C46A9C8-3758-4915-8F9C-B055B57C211E}.Debug|Any CPU.ActiveCfg = Debug|Any CPU
		{3C46A9C8-3758-4915-8F9C-B055B57C211E}.Debug|Any CPU.Build.0 = Debug|Any CPU
		{3C46A9C8-3758-4915-8F9C-B055B57C211E}.Release|Any CPU.ActiveCfg = Release|Any CPU
		{3C46A9C8-3758-4915-8F9C-B055B57C211E}.Release|Any CPU.Build.0 = Release|Any CPU
	EndGlobalSection
	GlobalSection(SolutionProperties) = preSolution
		HideSolutionNode = FALSE
	EndGlobalSection
	GlobalSection(ExtensibilityGlobals) = postSolution
		SolutionGuid = {7E325530-81BC-474B-8D7D-1FA452F14EE1}
	EndGlobalSection
EndGlobal
